// !$*UTF8*$!
{
	archiveVersion = 1;
	classes = {
	};
	objectVersion = 50;
	objects = {

/* Begin PBXBuildFile section */
		A64B67E0251CFE110000F5A1 /* AppDelegate.swift in Sources */ = {isa = PBXBuildFile; fileRef = A64B67DF251CFE110000F5A1 /* AppDelegate.swift */; };
		A64B67E2251CFE110000F5A1 /* SceneDelegate.swift in Sources */ = {isa = PBXBuildFile; fileRef = A64B67E1251CFE110000F5A1 /* SceneDelegate.swift */; };
		A64B67E7251CFE110000F5A1 /* Main.storyboard in Resources */ = {isa = PBXBuildFile; fileRef = A64B67E5251CFE110000F5A1 /* Main.storyboard */; };
		A64B67E9251CFE140000F5A1 /* Assets.xcassets in Resources */ = {isa = PBXBuildFile; fileRef = A64B67E8251CFE140000F5A1 /* Assets.xcassets */; };
		A64B67EC251CFE140000F5A1 /* LaunchScreen.storyboard in Resources */ = {isa = PBXBuildFile; fileRef = A64B67EA251CFE140000F5A1 /* LaunchScreen.storyboard */; };
		A64B67FA251D03F70000F5A1 /* MusicItem.swift in Sources */ = {isa = PBXBuildFile; fileRef = A64B67F9251D03F70000F5A1 /* MusicItem.swift */; };
		A64B67FC251D08A50000F5A1 /* AppItem.swift in Sources */ = {isa = PBXBuildFile; fileRef = A64B67FB251D08A50000F5A1 /* AppItem.swift */; };
		A64B67FE251D0DB90000F5A1 /* AppleStoreItemController.swift in Sources */ = {isa = PBXBuildFile; fileRef = A64B67FD251D0DB90000F5A1 /* AppleStoreItemController.swift */; };
		A64B6801251D11390000F5A1 /* AppleStoreError.swift in Sources */ = {isa = PBXBuildFile; fileRef = A64B6800251D11390000F5A1 /* AppleStoreError.swift */; };
		A64B6803251D32A10000F5A1 /* ItemSearchTableViewController.swift in Sources */ = {isa = PBXBuildFile; fileRef = A64B6802251D32A10000F5A1 /* ItemSearchTableViewController.swift */; };
		A64B6805251D340B0000F5A1 /* EntityTableViewCell.swift in Sources */ = {isa = PBXBuildFile; fileRef = A64B6804251D340B0000F5A1 /* EntityTableViewCell.swift */; };
/* End PBXBuildFile section */

/* Begin PBXFileReference section */
		A64B67DC251CFE110000F5A1 /* AppleSearch.app */ = {isa = PBXFileReference; explicitFileType = wrapper.application; includeInIndex = 0; path = AppleSearch.app; sourceTree = BUILT_PRODUCTS_DIR; };
		A64B67DF251CFE110000F5A1 /* AppDelegate.swift */ = {isa = PBXFileReference; lastKnownFileType = sourcecode.swift; path = AppDelegate.swift; sourceTree = "<group>"; };
		A64B67E1251CFE110000F5A1 /* SceneDelegate.swift */ = {isa = PBXFileReference; lastKnownFileType = sourcecode.swift; path = SceneDelegate.swift; sourceTree = "<group>"; };
		A64B67E6251CFE110000F5A1 /* Base */ = {isa = PBXFileReference; lastKnownFileType = file.storyboard; name = Base; path = Base.lproj/Main.storyboard; sourceTree = "<group>"; };
		A64B67E8251CFE140000F5A1 /* Assets.xcassets */ = {isa = PBXFileReference; lastKnownFileType = folder.assetcatalog; path = Assets.xcassets; sourceTree = "<group>"; };
		A64B67EB251CFE140000F5A1 /* Base */ = {isa = PBXFileReference; lastKnownFileType = file.storyboard; name = Base; path = Base.lproj/LaunchScreen.storyboard; sourceTree = "<group>"; };
		A64B67ED251CFE140000F5A1 /* Info.plist */ = {isa = PBXFileReference; lastKnownFileType = text.plist.xml; path = Info.plist; sourceTree = "<group>"; };
		A64B67F9251D03F70000F5A1 /* MusicItem.swift */ = {isa = PBXFileReference; lastKnownFileType = sourcecode.swift; path = MusicItem.swift; sourceTree = "<group>"; };
		A64B67FB251D08A50000F5A1 /* AppItem.swift */ = {isa = PBXFileReference; lastKnownFileType = sourcecode.swift; path = AppItem.swift; sourceTree = "<group>"; };
		A64B67FD251D0DB90000F5A1 /* AppleStoreItemController.swift */ = {isa = PBXFileReference; lastKnownFileType = sourcecode.swift; path = AppleStoreItemController.swift; sourceTree = "<group>"; };
		A64B6800251D11390000F5A1 /* AppleStoreError.swift */ = {isa = PBXFileReference; lastKnownFileType = sourcecode.swift; path = AppleStoreError.swift; sourceTree = "<group>"; };
		A64B6802251D32A10000F5A1 /* ItemSearchTableViewController.swift */ = {isa = PBXFileReference; lastKnownFileType = sourcecode.swift; path = ItemSearchTableViewController.swift; sourceTree = "<group>"; };
		A64B6804251D340B0000F5A1 /* EntityTableViewCell.swift */ = {isa = PBXFileReference; lastKnownFileType = sourcecode.swift; path = EntityTableViewCell.swift; sourceTree = "<group>"; };
/* End PBXFileReference section */

/* Begin PBXFrameworksBuildPhase section */
		A64B67D9251CFE110000F5A1 /* Frameworks */ = {
			isa = PBXFrameworksBuildPhase;
			buildActionMask = 2147483647;
			files = (
			);
			runOnlyForDeploymentPostprocessing = 0;
		};
/* End PBXFrameworksBuildPhase section */

/* Begin PBXGroup section */
		A64B67D3251CFE110000F5A1 = {
			isa = PBXGroup;
			children = (
				A64B67DE251CFE110000F5A1 /* AppleSearch */,
				A64B67FF251D11200000F5A1 /* Helpers */,
				A64B67DD251CFE110000F5A1 /* Products */,
			);
			sourceTree = "<group>";
		};
		A64B67DD251CFE110000F5A1 /* Products */ = {
			isa = PBXGroup;
			children = (
				A64B67DC251CFE110000F5A1 /* AppleSearch.app */,
			);
			name = Products;
			sourceTree = "<group>";
		};
		A64B67DE251CFE110000F5A1 /* AppleSearch */ = {
			isa = PBXGroup;
			children = (
				A64B67F4251D03A60000F5A1 /* Model */,
				A64B67F5251D03AB0000F5A1 /* View */,
				A64B67F6251D03B00000F5A1 /* Controller */,
				A64B67F3251D037B0000F5A1 /* Resources */,
			);
			path = AppleSearch;
			sourceTree = "<group>";
		};
		A64B67F3251D037B0000F5A1 /* Resources */ = {
			isa = PBXGroup;
			children = (
				A64B67DF251CFE110000F5A1 /* AppDelegate.swift */,
				A64B67E1251CFE110000F5A1 /* SceneDelegate.swift */,
				A64B67E8251CFE140000F5A1 /* Assets.xcassets */,
				A64B67EA251CFE140000F5A1 /* LaunchScreen.storyboard */,
				A64B67ED251CFE140000F5A1 /* Info.plist */,
			);
			path = Resources;
			sourceTree = "<group>";
		};
		A64B67F4251D03A60000F5A1 /* Model */ = {
			isa = PBXGroup;
			children = (
				A64B67F9251D03F70000F5A1 /* MusicItem.swift */,
				A64B67FB251D08A50000F5A1 /* AppItem.swift */,
			);
			path = Model;
			sourceTree = "<group>";
		};
		A64B67F5251D03AB0000F5A1 /* View */ = {
			isa = PBXGroup;
			children = (
				A64B67E5251CFE110000F5A1 /* Main.storyboard */,
				A64B6804251D340B0000F5A1 /* EntityTableViewCell.swift */,
			);
			path = View;
			sourceTree = "<group>";
		};
		A64B67F6251D03B00000F5A1 /* Controller */ = {
			isa = PBXGroup;
			children = (
				A64B67F8251D03CF0000F5A1 /* ModelControllers */,
				A64B67F7251D03C60000F5A1 /* ViewControllers */,
			);
			path = Controller;
			sourceTree = "<group>";
		};
		A64B67F7251D03C60000F5A1 /* ViewControllers */ = {
			isa = PBXGroup;
			children = (
				A64B6802251D32A10000F5A1 /* ItemSearchTableViewController.swift */,
			);
			path = ViewControllers;
			sourceTree = "<group>";
		};
		A64B67F8251D03CF0000F5A1 /* ModelControllers */ = {
			isa = PBXGroup;
			children = (
				A64B67FD251D0DB90000F5A1 /* AppleStoreItemController.swift */,
			);
			path = ModelControllers;
			sourceTree = "<group>";
		};
		A64B67FF251D11200000F5A1 /* Helpers */ = {
			isa = PBXGroup;
			children = (
				A64B6800251D11390000F5A1 /* AppleStoreError.swift */,
			);
			path = Helpers;
			sourceTree = "<group>";
		};
/* End PBXGroup section */

/* Begin PBXNativeTarget section */
		A64B67DB251CFE110000F5A1 /* AppleSearch */ = {
			isa = PBXNativeTarget;
			buildConfigurationList = A64B67F0251CFE140000F5A1 /* Build configuration list for PBXNativeTarget "AppleSearch" */;
			buildPhases = (
				A64B67D8251CFE110000F5A1 /* Sources */,
				A64B67D9251CFE110000F5A1 /* Frameworks */,
				A64B67DA251CFE110000F5A1 /* Resources */,
			);
			buildRules = (
			);
			dependencies = (
			);
			name = AppleSearch;
			productName = AppleSearch;
			productReference = A64B67DC251CFE110000F5A1 /* AppleSearch.app */;
			productType = "com.apple.product-type.application";
		};
/* End PBXNativeTarget section */

/* Begin PBXProject section */
		A64B67D4251CFE110000F5A1 /* Project object */ = {
			isa = PBXProject;
			attributes = {
				LastSwiftUpdateCheck = 1170;
				LastUpgradeCheck = 1170;
				ORGANIZATIONNAME = "Owen Barrott";
				TargetAttributes = {
					A64B67DB251CFE110000F5A1 = {
						CreatedOnToolsVersion = 11.7;
					};
				};
			};
			buildConfigurationList = A64B67D7251CFE110000F5A1 /* Build configuration list for PBXProject "AppleSearch" */;
			compatibilityVersion = "Xcode 9.3";
			developmentRegion = en;
			hasScannedForEncodings = 0;
			knownRegions = (
				en,
				Base,
			);
			mainGroup = A64B67D3251CFE110000F5A1;
			productRefGroup = A64B67DD251CFE110000F5A1 /* Products */;
			projectDirPath = "";
			projectRoot = "";
			targets = (
				A64B67DB251CFE110000F5A1 /* AppleSearch */,
			);
		};
/* End PBXProject section */

/* Begin PBXResourcesBuildPhase section */
		A64B67DA251CFE110000F5A1 /* Resources */ = {
			isa = PBXResourcesBuildPhase;
			buildActionMask = 2147483647;
			files = (
				A64B67EC251CFE140000F5A1 /* LaunchScreen.storyboard in Resources */,
				A64B67E9251CFE140000F5A1 /* Assets.xcassets in Resources */,
				A64B67E7251CFE110000F5A1 /* Main.storyboard in Resources */,
			);
			runOnlyForDeploymentPostprocessing = 0;
		};
/* End PBXResourcesBuildPhase section */

/* Begin PBXSourcesBuildPhase section */
		A64B67D8251CFE110000F5A1 /* Sources */ = {
			isa = PBXSourcesBuildPhase;
			buildActionMask = 2147483647;
			files = (
				A64B67FC251D08A50000F5A1 /* AppItem.swift in Sources */,
				A64B67FE251D0DB90000F5A1 /* AppleStoreItemController.swift in Sources */,
				A64B67FA251D03F70000F5A1 /* MusicItem.swift in Sources */,
				A64B67E0251CFE110000F5A1 /* AppDelegate.swift in Sources */,
				A64B6805251D340B0000F5A1 /* EntityTableViewCell.swift in Sources */,
				A64B67E2251CFE110000F5A1 /* SceneDelegate.swift in Sources */,
				A64B6801251D11390000F5A1 /* AppleStoreError.swift in Sources */,
				A64B6803251D32A10000F5A1 /* ItemSearchTableViewController.swift in Sources */,
			);
			runOnlyForDeploymentPostprocessing = 0;
		};
/* End PBXSourcesBuildPhase section */

/* Begin PBXVariantGroup section */
		A64B67E5251CFE110000F5A1 /* Main.storyboard */ = {
			isa = PBXVariantGroup;
			children = (
				A64B67E6251CFE110000F5A1 /* Base */,
			);
			name = Main.storyboard;
			sourceTree = "<group>";
		};
		A64B67EA251CFE140000F5A1 /* LaunchScreen.storyboard */ = {
			isa = PBXVariantGroup;
			children = (
				A64B67EB251CFE140000F5A1 /* Base */,
			);
			name = LaunchScreen.storyboard;
			sourceTree = "<group>";
		};
/* End PBXVariantGroup section */

/* Begin XCBuildConfiguration section */
		A64B67EE251CFE140000F5A1 /* Debug */ = {
			isa = XCBuildConfiguration;
			buildSettings = {
				ALWAYS_SEARCH_USER_PATHS = NO;
				CLANG_ANALYZER_NONNULL = YES;
				CLANG_ANALYZER_NUMBER_OBJECT_CONVERSION = YES_AGGRESSIVE;
				CLANG_CXX_LANGUAGE_STANDARD = "gnu++14";
				CLANG_CXX_LIBRARY = "libc++";
				CLANG_ENABLE_MODULES = YES;
				CLANG_ENABLE_OBJC_ARC = YES;
				CLANG_ENABLE_OBJC_WEAK = YES;
				CLANG_WARN_BLOCK_CAPTURE_AUTORELEASING = YES;
				CLANG_WARN_BOOL_CONVERSION = YES;
				CLANG_WARN_COMMA = YES;
				CLANG_WARN_CONSTANT_CONVERSION = YES;
				CLANG_WARN_DEPRECATED_OBJC_IMPLEMENTATIONS = YES;
				CLANG_WARN_DIRECT_OBJC_ISA_USAGE = YES_ERROR;
				CLANG_WARN_DOCUMENTATION_COMMENTS = YES;
				CLANG_WARN_EMPTY_BODY = YES;
				CLANG_WARN_ENUM_CONVERSION = YES;
				CLANG_WARN_INFINITE_RECURSION = YES;
				CLANG_WARN_INT_CONVERSION = YES;
				CLANG_WARN_NON_LITERAL_NULL_CONVERSION = YES;
				CLANG_WARN_OBJC_IMPLICIT_RETAIN_SELF = YES;
				CLANG_WARN_OBJC_LITERAL_CONVERSION = YES;
				CLANG_WARN_OBJC_ROOT_CLASS = YES_ERROR;
				CLANG_WARN_RANGE_LOOP_ANALYSIS = YES;
				CLANG_WARN_STRICT_PROTOTYPES = YES;
				CLANG_WARN_SUSPICIOUS_MOVE = YES;
				CLANG_WARN_UNGUARDED_AVAILABILITY = YES_AGGRESSIVE;
				CLANG_WARN_UNREACHABLE_CODE = YES;
				CLANG_WARN__DUPLICATE_METHOD_MATCH = YES;
				COPY_PHASE_STRIP = NO;
				DEBUG_INFORMATION_FORMAT = dwarf;
				ENABLE_STRICT_OBJC_MSGSEND = YES;
				ENABLE_TESTABILITY = YES;
				GCC_C_LANGUAGE_STANDARD = gnu11;
				GCC_DYNAMIC_NO_PIC = NO;
				GCC_NO_COMMON_BLOCKS = YES;
				GCC_OPTIMIZATION_LEVEL = 0;
				GCC_PREPROCESSOR_DEFINITIONS = (
					"DEBUG=1",
					"$(inherited)",
				);
				GCC_WARN_64_TO_32_BIT_CONVERSION = YES;
				GCC_WARN_ABOUT_RETURN_TYPE = YES_ERROR;
				GCC_WARN_UNDECLARED_SELECTOR = YES;
				GCC_WARN_UNINITIALIZED_AUTOS = YES_AGGRESSIVE;
				GCC_WARN_UNUSED_FUNCTION = YES;
				GCC_WARN_UNUSED_VARIABLE = YES;
				IPHONEOS_DEPLOYMENT_TARGET = 13.7;
				MTL_ENABLE_DEBUG_INFO = INCLUDE_SOURCE;
				MTL_FAST_MATH = YES;
				ONLY_ACTIVE_ARCH = YES;
				SDKROOT = iphoneos;
				SWIFT_ACTIVE_COMPILATION_CONDITIONS = DEBUG;
				SWIFT_OPTIMIZATION_LEVEL = "-Onone";
			};
			name = Debug;
		};
		A64B67EF251CFE140000F5A1 /* Release */ = {
			isa = XCBuildConfiguration;
			buildSettings = {
				ALWAYS_SEARCH_USER_PATHS = NO;
				CLANG_ANALYZER_NONNULL = YES;
				CLANG_ANALYZER_NUMBER_OBJECT_CONVERSION = YES_AGGRESSIVE;
				CLANG_CXX_LANGUAGE_STANDARD = "gnu++14";
				CLANG_CXX_LIBRARY = "libc++";
				CLANG_ENABLE_MODULES = YES;
				CLANG_ENABLE_OBJC_ARC = YES;
				CLANG_ENABLE_OBJC_WEAK = YES;
				CLANG_WARN_BLOCK_CAPTURE_AUTORELEASING = YES;
				CLANG_WARN_BOOL_CONVERSION = YES;
				CLANG_WARN_COMMA = YES;
				CLANG_WARN_CONSTANT_CONVERSION = YES;
				CLANG_WARN_DEPRECATED_OBJC_IMPLEMENTATIONS = YES;
				CLANG_WARN_DIRECT_OBJC_ISA_USAGE = YES_ERROR;
				CLANG_WARN_DOCUMENTATION_COMMENTS = YES;
				CLANG_WARN_EMPTY_BODY = YES;
				CLANG_WARN_ENUM_CONVERSION = YES;
				CLANG_WARN_INFINITE_RECURSION = YES;
				CLANG_WARN_INT_CONVERSION = YES;
				CLANG_WARN_NON_LITERAL_NULL_CONVERSION = YES;
				CLANG_WARN_OBJC_IMPLICIT_RETAIN_SELF = YES;
				CLANG_WARN_OBJC_LITERAL_CONVERSION = YES;
				CLANG_WARN_OBJC_ROOT_CLASS = YES_ERROR;
				CLANG_WARN_RANGE_LOOP_ANALYSIS = YES;
				CLANG_WARN_STRICT_PROTOTYPES = YES;
				CLANG_WARN_SUSPICIOUS_MOVE = YES;
				CLANG_WARN_UNGUARDED_AVAILABILITY = YES_AGGRESSIVE;
				CLANG_WARN_UNREACHABLE_CODE = YES;
				CLANG_WARN__DUPLICATE_METHOD_MATCH = YES;
				COPY_PHASE_STRIP = NO;
				DEBUG_INFORMATION_FORMAT = "dwarf-with-dsym";
				ENABLE_NS_ASSERTIONS = NO;
				ENABLE_STRICT_OBJC_MSGSEND = YES;
				GCC_C_LANGUAGE_STANDARD = gnu11;
				GCC_NO_COMMON_BLOCKS = YES;
				GCC_WARN_64_TO_32_BIT_CONVERSION = YES;
				GCC_WARN_ABOUT_RETURN_TYPE = YES_ERROR;
				GCC_WARN_UNDECLARED_SELECTOR = YES;
				GCC_WARN_UNINITIALIZED_AUTOS = YES_AGGRESSIVE;
				GCC_WARN_UNUSED_FUNCTION = YES;
				GCC_WARN_UNUSED_VARIABLE = YES;
				IPHONEOS_DEPLOYMENT_TARGET = 13.7;
				MTL_ENABLE_DEBUG_INFO = NO;
				MTL_FAST_MATH = YES;
				SDKROOT = iphoneos;
				SWIFT_COMPILATION_MODE = wholemodule;
				SWIFT_OPTIMIZATION_LEVEL = "-O";
				VALIDATE_PRODUCT = YES;
			};
			name = Release;
		};
		A64B67F1251CFE140000F5A1 /* Debug */ = {
			isa = XCBuildConfiguration;
			buildSettings = {
				ASSETCATALOG_COMPILER_APPICON_NAME = AppIcon;
				CODE_SIGN_STYLE = Automatic;
				INFOPLIST_FILE = AppleSearch/Resources/Info.plist;
				LD_RUNPATH_SEARCH_PATHS = (
					"$(inherited)",
					"@executable_path/Frameworks",
				);
				PRODUCT_BUNDLE_IDENTIFIER = com.example.AppleSearch;
				PRODUCT_NAME = "$(TARGET_NAME)";
				SWIFT_VERSION = 5.0;
				TARGETED_DEVICE_FAMILY = "1,2";
			};
			name = Debug;
		};
		A64B67F2251CFE140000F5A1 /* Release */ = {
			isa = XCBuildConfiguration;
			buildSettings = {
				ASSETCATALOG_COMPILER_APPICON_NAME = AppIcon;
				CODE_SIGN_STYLE = Automatic;
				INFOPLIST_FILE = AppleSearch/Resources/Info.plist;
				LD_RUNPATH_SEARCH_PATHS = (
					"$(inherited)",
					"@executable_path/Frameworks",
				);
				PRODUCT_BUNDLE_IDENTIFIER = com.example.AppleSearch;
				PRODUCT_NAME = "$(TARGET_NAME)";
				SWIFT_VERSION = 5.0;
				TARGETED_DEVICE_FAMILY = "1,2";
			};
			name = Release;
		};
/* End XCBuildConfiguration section */

/* Begin XCConfigurationList section */
		A64B67D7251CFE110000F5A1 /* Build configuration list for PBXProject "AppleSearch" */ = {
			isa = XCConfigurationList;
			buildConfigurations = (
				A64B67EE251CFE140000F5A1 /* Debug */,
				A64B67EF251CFE140000F5A1 /* Release */,
			);
			defaultConfigurationIsVisible = 0;
			defaultConfigurationName = Release;
		};
		A64B67F0251CFE140000F5A1 /* Build configuration list for PBXNativeTarget "AppleSearch" */ = {
			isa = XCConfigurationList;
			buildConfigurations = (
				A64B67F1251CFE140000F5A1 /* Debug */,
				A64B67F2251CFE140000F5A1 /* Release */,
			);
			defaultConfigurationIsVisible = 0;
			defaultConfigurationName = Release;
		};
/* End XCConfigurationList section */
	};
	rootObject = A64B67D4251CFE110000F5A1 /* Project object */;
}
